
Microsoft Visual Studio Solution File, Format Version 12.00
# Visual Studio Version 17
VisualStudioVersion = 17.0.32014.148
MinimumVisualStudioVersion = 10.0.40219.1
Project("{FAE04EC0-301F-11D3-BF4B-00C04F79EFBC}") = "Back", "Back.csproj", "{558B4611-F0AB-45E5-B80E-D7F6B61C2B59}"
EndProject
Project("{FAE04EC0-301F-11D3-BF4B-00C04F79EFBC}") = "Services", "..\Services\Services.csproj", "{D939DC9A-3D28-4934-A323-5785D38588B0}"
EndProject
Project("{FAE04EC0-301F-11D3-BF4B-00C04F79EFBC}") = "Domain", "..\Domain\Domain.csproj", "{5B5A8E2F-7992-45A9-B102-CDF12F36F1F3}"
EndProject
Global
	GlobalSection(SolutionConfigurationPlatforms) = preSolution
		Debug|Any CPU = Debug|Any CPU
		Release|Any CPU = Release|Any CPU
	EndGlobalSection
	GlobalSection(ProjectConfigurationPlatforms) = postSolution
		{558B4611-F0AB-45E5-B80E-D7F6B61C2B59}.Debug|Any CPU.ActiveCfg = Debug|Any CPU
		{558B4611-F0AB-45E5-B80E-D7F6B61C2B59}.Debug|Any CPU.Build.0 = Debug|Any CPU
		{558B4611-F0AB-45E5-B80E-D7F6B61C2B59}.Release|Any CPU.ActiveCfg = Release|Any CPU
		{558B4611-F0AB-45E5-B80E-D7F6B61C2B59}.Release|Any CPU.Build.0 = Release|Any CPU
		{D939DC9A-3D28-4934-A323-5785D38588B0}.Debug|Any CPU.ActiveCfg = Debug|Any CPU
		{D939DC9A-3D28-4934-A323-5785D38588B0}.Debug|Any CPU.Build.0 = Debug|Any CPU
		{D939DC9A-3D28-4934-A323-5785D38588B0}.Release|Any CPU.ActiveCfg = Release|Any CPU
		{D939DC9A-3D28-4934-A323-5785D38588B0}.Release|Any CPU.Build.0 = Release|Any CPU
		{5B5A8E2F-7992-45A9-B102-CDF12F36F1F3}.Debug|Any CPU.ActiveCfg = Debug|Any CPU
		{5B5A8E2F-7992-45A9-B102-CDF12F36F1F3}.Debug|Any CPU.Build.0 = Debug|Any CPU
		{5B5A8E2F-7992-45A9-B102-CDF12F36F1F3}.Release|Any CPU.ActiveCfg = Release|Any CPU
		{5B5A8E2F-7992-45A9-B102-CDF12F36F1F3}.Release|Any CPU.Build.0 = Release|Any CPU
	EndGlobalSection
	GlobalSection(SolutionProperties) = preSolution
		HideSolutionNode = FALSE
	EndGlobalSection
	GlobalSection(ExtensibilityGlobals) = postSolution
		SolutionGuid = {14A61DAC-7646-4EC2-9B4C-1D9A94C903A3}
	EndGlobalSection
EndGlobal
